// !$*UTF8*$!
{
	archiveVersion = 1;
	classes = {
	};
	objectVersion = 56;
	objects = {

/* Begin PBXBuildFile section */
		ECCC87662A97085100C3531D /* Demo_NavigationStackApp.swift in Sources */ = {isa = PBXBuildFile; fileRef = ECCC87652A97085100C3531D /* Demo_NavigationStackApp.swift */; };
		ECCC876A2A97085100C3531D /* Assets.xcassets in Resources */ = {isa = PBXBuildFile; fileRef = ECCC87692A97085100C3531D /* Assets.xcassets */; };
		ECCC876D2A97085100C3531D /* Preview Assets.xcassets in Resources */ = {isa = PBXBuildFile; fileRef = ECCC876C2A97085100C3531D /* Preview Assets.xcassets */; };
		ECCC87762A97089B00C3531D /* RouterViewModel.swift in Sources */ = {isa = PBXBuildFile; fileRef = ECCC87752A97089B00C3531D /* RouterViewModel.swift */; };
		ECCC87782A9708B900C3531D /* FirstView.swift in Sources */ = {isa = PBXBuildFile; fileRef = ECCC87772A9708B900C3531D /* FirstView.swift */; };
		ECCC877A2A9708C600C3531D /* SecondView.swift in Sources */ = {isa = PBXBuildFile; fileRef = ECCC87792A9708C600C3531D /* SecondView.swift */; };
		ECCC877C2A9708D000C3531D /* ThirdView.swift in Sources */ = {isa = PBXBuildFile; fileRef = ECCC877B2A9708D000C3531D /* ThirdView.swift */; };
		ECCC877E2A9708D900C3531D /* FourthView.swift in Sources */ = {isa = PBXBuildFile; fileRef = ECCC877D2A9708D900C3531D /* FourthView.swift */; };
		ECCC87802A9708E400C3531D /* FifthView.swift in Sources */ = {isa = PBXBuildFile; fileRef = ECCC877F2A9708E400C3531D /* FifthView.swift */; };
		ECCC87822A9708EC00C3531D /* SixthView.swift in Sources */ = {isa = PBXBuildFile; fileRef = ECCC87812A9708EC00C3531D /* SixthView.swift */; };
/* End PBXBuildFile section */

/* Begin PBXFileReference section */
		ECCC87622A97085100C3531D /* Demo-NavigationStack.app */ = {isa = PBXFileReference; explicitFileType = wrapper.application; includeInIndex = 0; path = "Demo-NavigationStack.app"; sourceTree = BUILT_PRODUCTS_DIR; };
		ECCC87652A97085100C3531D /* Demo_NavigationStackApp.swift */ = {isa = PBXFileReference; lastKnownFileType = sourcecode.swift; path = Demo_NavigationStackApp.swift; sourceTree = "<group>"; };
		ECCC87692A97085100C3531D /* Assets.xcassets */ = {isa = PBXFileReference; lastKnownFileType = folder.assetcatalog; path = Assets.xcassets; sourceTree = "<group>"; };
		ECCC876C2A97085100C3531D /* Preview Assets.xcassets */ = {isa = PBXFileReference; lastKnownFileType = folder.assetcatalog; path = "Preview Assets.xcassets"; sourceTree = "<group>"; };
		ECCC87752A97089B00C3531D /* RouterViewModel.swift */ = {isa = PBXFileReference; lastKnownFileType = sourcecode.swift; path = RouterViewModel.swift; sourceTree = "<group>"; };
		ECCC87772A9708B900C3531D /* FirstView.swift */ = {isa = PBXFileReference; lastKnownFileType = sourcecode.swift; path = FirstView.swift; sourceTree = "<group>"; };
		ECCC87792A9708C600C3531D /* SecondView.swift */ = {isa = PBXFileReference; lastKnownFileType = sourcecode.swift; path = SecondView.swift; sourceTree = "<group>"; };
		ECCC877B2A9708D000C3531D /* ThirdView.swift */ = {isa = PBXFileReference; lastKnownFileType = sourcecode.swift; path = ThirdView.swift; sourceTree = "<group>"; };
		ECCC877D2A9708D900C3531D /* FourthView.swift */ = {isa = PBXFileReference; lastKnownFileType = sourcecode.swift; path = FourthView.swift; sourceTree = "<group>"; };
		ECCC877F2A9708E400C3531D /* FifthView.swift */ = {isa = PBXFileReference; lastKnownFileType = sourcecode.swift; path = FifthView.swift; sourceTree = "<group>"; };
		ECCC87812A9708EC00C3531D /* SixthView.swift */ = {isa = PBXFileReference; lastKnownFileType = sourcecode.swift; path = SixthView.swift; sourceTree = "<group>"; };
/* End PBXFileReference section */

/* Begin PBXFrameworksBuildPhase section */
		ECCC875F2A97085100C3531D /* Frameworks */ = {
			isa = PBXFrameworksBuildPhase;
			buildActionMask = 2147483647;
			files = (
			);
			runOnlyForDeploymentPostprocessing = 0;
		};
/* End PBXFrameworksBuildPhase section */

/* Begin PBXGroup section */
		ECCC87592A97085100C3531D = {
			isa = PBXGroup;
			children = (
				ECCC87642A97085100C3531D /* Demo-NavigationStack */,
				ECCC87632A97085100C3531D /* Products */,
			);
			sourceTree = "<group>";
		};
		ECCC87632A97085100C3531D /* Products */ = {
			isa = PBXGroup;
			children = (
				ECCC87622A97085100C3531D /* Demo-NavigationStack.app */,
			);
			name = Products;
			sourceTree = "<group>";
		};
		ECCC87642A97085100C3531D /* Demo-NavigationStack */ = {
			isa = PBXGroup;
			children = (
				ECCC87652A97085100C3531D /* Demo_NavigationStackApp.swift */,
				ECCC87742A97088200C3531D /* ViewModel */,
				ECCC87732A97085800C3531D /* View */,
				ECCC87692A97085100C3531D /* Assets.xcassets */,
				ECCC876B2A97085100C3531D /* Preview Content */,
			);
			path = "Demo-NavigationStack";
			sourceTree = "<group>";
		};
		ECCC876B2A97085100C3531D /* Preview Content */ = {
			isa = PBXGroup;
			children = (
				ECCC876C2A97085100C3531D /* Preview Assets.xcassets */,
			);
			path = "Preview Content";
			sourceTree = "<group>";
		};
		ECCC87732A97085800C3531D /* View */ = {
			isa = PBXGroup;
			children = (
				ECCC87772A9708B900C3531D /* FirstView.swift */,
				ECCC87792A9708C600C3531D /* SecondView.swift */,
				ECCC877B2A9708D000C3531D /* ThirdView.swift */,
				ECCC877D2A9708D900C3531D /* FourthView.swift */,
				ECCC877F2A9708E400C3531D /* FifthView.swift */,
				ECCC87812A9708EC00C3531D /* SixthView.swift */,
			);
			path = View;
			sourceTree = "<group>";
		};
		ECCC87742A97088200C3531D /* ViewModel */ = {
			isa = PBXGroup;
			children = (
				ECCC87752A97089B00C3531D /* RouterViewModel.swift */,
			);
			path = ViewModel;
			sourceTree = "<group>";
		};
/* End PBXGroup section */

/* Begin PBXNativeTarget section */
		ECCC87612A97085100C3531D /* Demo-NavigationStack */ = {
			isa = PBXNativeTarget;
			buildConfigurationList = ECCC87702A97085100C3531D /* Build configuration list for PBXNativeTarget "Demo-NavigationStack" */;
			buildPhases = (
				ECCC875E2A97085100C3531D /* Sources */,
				ECCC875F2A97085100C3531D /* Frameworks */,
				ECCC87602A97085100C3531D /* Resources */,
			);
			buildRules = (
			);
			dependencies = (
			);
			name = "Demo-NavigationStack";
			productName = "Demo-NavigationStack";
			productReference = ECCC87622A97085100C3531D /* Demo-NavigationStack.app */;
			productType = "com.apple.product-type.application";
		};
/* End PBXNativeTarget section */

/* Begin PBXProject section */
		ECCC875A2A97085100C3531D /* Project object */ = {
			isa = PBXProject;
			attributes = {
				BuildIndependentTargetsInParallel = 1;
				LastSwiftUpdateCheck = 1430;
				LastUpgradeCheck = 1430;
				TargetAttributes = {
					ECCC87612A97085100C3531D = {
						CreatedOnToolsVersion = 14.3;
					};
				};
			};
			buildConfigurationList = ECCC875D2A97085100C3531D /* Build configuration list for PBXProject "Demo-NavigationStack" */;
			compatibilityVersion = "Xcode 14.0";
			developmentRegion = en;
			hasScannedForEncodings = 0;
			knownRegions = (
				en,
				Base,
			);
			mainGroup = ECCC87592A97085100C3531D;
			productRefGroup = ECCC87632A97085100C3531D /* Products */;
			projectDirPath = "";
			projectRoot = "";
			targets = (
				ECCC87612A97085100C3531D /* Demo-NavigationStack */,
			);
		};
/* End PBXProject section */

/* Begin PBXResourcesBuildPhase section */
		ECCC87602A97085100C3531D /* Resources */ = {
			isa = PBXResourcesBuildPhase;
			buildActionMask = 2147483647;
			files = (
				ECCC876D2A97085100C3531D /* Preview Assets.xcassets in Resources */,
				ECCC876A2A97085100C3531D /* Assets.xcassets in Resources */,
			);
			runOnlyForDeploymentPostprocessing = 0;
		};
/* End PBXResourcesBuildPhase section */

/* Begin PBXSourcesBuildPhase section */
		ECCC875E2A97085100C3531D /* Sources */ = {
			isa = PBXSourcesBuildPhase;
			buildActionMask = 2147483647;
			files = (
				ECCC87762A97089B00C3531D /* RouterViewModel.swift in Sources */,
				ECCC877A2A9708C600C3531D /* SecondView.swift in Sources */,
				ECCC87822A9708EC00C3531D /* SixthView.swift in Sources */,
				ECCC87782A9708B900C3531D /* FirstView.swift in Sources */,
				ECCC877E2A9708D900C3531D /* FourthView.swift in Sources */,
				ECCC877C2A9708D000C3531D /* ThirdView.swift in Sources */,
				ECCC87802A9708E400C3531D /* FifthView.swift in Sources */,
				ECCC87662A97085100C3531D /* Demo_NavigationStackApp.swift in Sources */,
			);
			runOnlyForDeploymentPostprocessing = 0;
		};
/* End PBXSourcesBuildPhase section */

/* Begin XCBuildConfiguration section */
		ECCC876E2A97085100C3531D /* Debug */ = {
			isa = XCBuildConfiguration;
			buildSettings = {
				ALWAYS_SEARCH_USER_PATHS = NO;
				CLANG_ANALYZER_NONNULL = YES;
				CLANG_ANALYZER_NUMBER_OBJECT_CONVERSION = YES_AGGRESSIVE;
				CLANG_CXX_LANGUAGE_STANDARD = "gnu++20";
				CLANG_ENABLE_MODULES = YES;
				CLANG_ENABLE_OBJC_ARC = YES;
				CLANG_ENABLE_OBJC_WEAK = YES;
				CLANG_WARN_BLOCK_CAPTURE_AUTORELEASING = YES;
				CLANG_WARN_BOOL_CONVERSION = YES;
				CLANG_WARN_COMMA = YES;
				CLANG_WARN_CONSTANT_CONVERSION = YES;
				CLANG_WARN_DEPRECATED_OBJC_IMPLEMENTATIONS = YES;
				CLANG_WARN_DIRECT_OBJC_ISA_USAGE = YES_ERROR;
				CLANG_WARN_DOCUMENTATION_COMMENTS = YES;
				CLANG_WARN_EMPTY_BODY = YES;
				CLANG_WARN_ENUM_CONVERSION = YES;
				CLANG_WARN_INFINITE_RECURSION = YES;
				CLANG_WARN_INT_CONVERSION = YES;
				CLANG_WARN_NON_LITERAL_NULL_CONVERSION = YES;
				CLANG_WARN_OBJC_IMPLICIT_RETAIN_SELF = YES;
				CLANG_WARN_OBJC_LITERAL_CONVERSION = YES;
				CLANG_WARN_OBJC_ROOT_CLASS = YES_ERROR;
				CLANG_WARN_QUOTED_INCLUDE_IN_FRAMEWORK_HEADER = YES;
				CLANG_WARN_RANGE_LOOP_ANALYSIS = YES;
				CLANG_WARN_STRICT_PROTOTYPES = YES;
				CLANG_WARN_SUSPICIOUS_MOVE = YES;
				CLANG_WARN_UNGUARDED_AVAILABILITY = YES_AGGRESSIVE;
				CLANG_WARN_UNREACHABLE_CODE = YES;
				CLANG_WARN__DUPLICATE_METHOD_MATCH = YES;
				COPY_PHASE_STRIP = NO;
				DEBUG_INFORMATION_FORMAT = dwarf;
				ENABLE_STRICT_OBJC_MSGSEND = YES;
				ENABLE_TESTABILITY = YES;
				GCC_C_LANGUAGE_STANDARD = gnu11;
				GCC_DYNAMIC_NO_PIC = NO;
				GCC_NO_COMMON_BLOCKS = YES;
				GCC_OPTIMIZATION_LEVEL = 0;
				GCC_PREPROCESSOR_DEFINITIONS = (
					"DEBUG=1",
					"$(inherited)",
				);
				GCC_WARN_64_TO_32_BIT_CONVERSION = YES;
				GCC_WARN_ABOUT_RETURN_TYPE = YES_ERROR;
				GCC_WARN_UNDECLARED_SELECTOR = YES;
				GCC_WARN_UNINITIALIZED_AUTOS = YES_AGGRESSIVE;
				GCC_WARN_UNUSED_FUNCTION = YES;
				GCC_WARN_UNUSED_VARIABLE = YES;
				IPHONEOS_DEPLOYMENT_TARGET = 16.4;
				MTL_ENABLE_DEBUG_INFO = INCLUDE_SOURCE;
				MTL_FAST_MATH = YES;
				ONLY_ACTIVE_ARCH = YES;
				SDKROOT = iphoneos;
				SWIFT_ACTIVE_COMPILATION_CONDITIONS = DEBUG;
				SWIFT_OPTIMIZATION_LEVEL = "-Onone";
			};
			name = Debug;
		};
		ECCC876F2A97085100C3531D /* Release */ = {
			isa = XCBuildConfiguration;
			buildSettings = {
				ALWAYS_SEARCH_USER_PATHS = NO;
				CLANG_ANALYZER_NONNULL = YES;
				CLANG_ANALYZER_NUMBER_OBJECT_CONVERSION = YES_AGGRESSIVE;
				CLANG_CXX_LANGUAGE_STANDARD = "gnu++20";
				CLANG_ENABLE_MODULES = YES;
				CLANG_ENABLE_OBJC_ARC = YES;
				CLANG_ENABLE_OBJC_WEAK = YES;
				CLANG_WARN_BLOCK_CAPTURE_AUTORELEASING = YES;
				CLANG_WARN_BOOL_CONVERSION = YES;
				CLANG_WARN_COMMA = YES;
				CLANG_WARN_CONSTANT_CONVERSION = YES;
				CLANG_WARN_DEPRECATED_OBJC_IMPLEMENTATIONS = YES;
				CLANG_WARN_DIRECT_OBJC_ISA_USAGE = YES_ERROR;
				CLANG_WARN_DOCUMENTATION_COMMENTS = YES;
				CLANG_WARN_EMPTY_BODY = YES;
				CLANG_WARN_ENUM_CONVERSION = YES;
				CLANG_WARN_INFINITE_RECURSION = YES;
				CLANG_WARN_INT_CONVERSION = YES;
				CLANG_WARN_NON_LITERAL_NULL_CONVERSION = YES;
				CLANG_WARN_OBJC_IMPLICIT_RETAIN_SELF = YES;
				CLANG_WARN_OBJC_LITERAL_CONVERSION = YES;
				CLANG_WARN_OBJC_ROOT_CLASS = YES_ERROR;
				CLANG_WARN_QUOTED_INCLUDE_IN_FRAMEWORK_HEADER = YES;
				CLANG_WARN_RANGE_LOOP_ANALYSIS = YES;
				CLANG_WARN_STRICT_PROTOTYPES = YES;
				CLANG_WARN_SUSPICIOUS_MOVE = YES;
				CLANG_WARN_UNGUARDED_AVAILABILITY = YES_AGGRESSIVE;
				CLANG_WARN_UNREACHABLE_CODE = YES;
				CLANG_WARN__DUPLICATE_METHOD_MATCH = YES;
				COPY_PHASE_STRIP = NO;
				DEBUG_INFORMATION_FORMAT = "dwarf-with-dsym";
				ENABLE_NS_ASSERTIONS = NO;
				ENABLE_STRICT_OBJC_MSGSEND = YES;
				GCC_C_LANGUAGE_STANDARD = gnu11;
				GCC_NO_COMMON_BLOCKS = YES;
				GCC_WARN_64_TO_32_BIT_CONVERSION = YES;
				GCC_WARN_ABOUT_RETURN_TYPE = YES_ERROR;
				GCC_WARN_UNDECLARED_SELECTOR = YES;
				GCC_WARN_UNINITIALIZED_AUTOS = YES_AGGRESSIVE;
				GCC_WARN_UNUSED_FUNCTION = YES;
				GCC_WARN_UNUSED_VARIABLE = YES;
				IPHONEOS_DEPLOYMENT_TARGET = 16.4;
				MTL_ENABLE_DEBUG_INFO = NO;
				MTL_FAST_MATH = YES;
				SDKROOT = iphoneos;
				SWIFT_COMPILATION_MODE = wholemodule;
				SWIFT_OPTIMIZATION_LEVEL = "-O";
				VALIDATE_PRODUCT = YES;
			};
			name = Release;
		};
		ECCC87712A97085100C3531D /* Debug */ = {
			isa = XCBuildConfiguration;
			buildSettings = {
				ASSETCATALOG_COMPILER_APPICON_NAME = AppIcon;
				ASSETCATALOG_COMPILER_GLOBAL_ACCENT_COLOR_NAME = AccentColor;
				CODE_SIGN_STYLE = Automatic;
				CURRENT_PROJECT_VERSION = 1;
				DEVELOPMENT_ASSET_PATHS = "\"Demo-NavigationStack/Preview Content\"";
				DEVELOPMENT_TEAM = FZWD842KM9;
				ENABLE_PREVIEWS = YES;
				GENERATE_INFOPLIST_FILE = YES;
				INFOPLIST_KEY_UIApplicationSceneManifest_Generation = YES;
				INFOPLIST_KEY_UIApplicationSupportsIndirectInputEvents = YES;
				INFOPLIST_KEY_UILaunchScreen_Generation = YES;
				INFOPLIST_KEY_UISupportedInterfaceOrientations_iPad = "UIInterfaceOrientationPortrait UIInterfaceOrientationPortraitUpsideDown UIInterfaceOrientationLandscapeLeft UIInterfaceOrientationLandscapeRight";
				INFOPLIST_KEY_UISupportedInterfaceOrientations_iPhone = "UIInterfaceOrientationPortrait UIInterfaceOrientationLandscapeLeft UIInterfaceOrientationLandscapeRight";
				LD_RUNPATH_SEARCH_PATHS = (
					"$(inherited)",
					"@executable_path/Frameworks",
				);
				MARKETING_VERSION = 1.0;
				PRODUCT_BUNDLE_IDENTIFIER = "com.sayedzul.Demo-NavigationStack";
				PRODUCT_NAME = "$(TARGET_NAME)";
				SWIFT_EMIT_LOC_STRINGS = YES;
				SWIFT_VERSION = 5.0;
				TARGETED_DEVICE_FAMILY = "1,2";
			};
			name = Debug;
		};
		ECCC87722A97085100C3531D /* Release */ = {
			isa = XCBuildConfiguration;
			buildSettings = {
				ASSETCATALOG_COMPILER_APPICON_NAME = AppIcon;
				ASSETCATALOG_COMPILER_GLOBAL_ACCENT_COLOR_NAME = AccentColor;
				CODE_SIGN_STYLE = Automatic;
				CURRENT_PROJECT_VERSION = 1;
				DEVELOPMENT_ASSET_PATHS = "\"Demo-NavigationStack/Preview Content\"";
				DEVELOPMENT_TEAM = FZWD842KM9;
				ENABLE_PREVIEWS = YES;
				GENERATE_INFOPLIST_FILE = YES;
				INFOPLIST_KEY_UIApplicationSceneManifest_Generation = YES;
				INFOPLIST_KEY_UIApplicationSupportsIndirectInputEvents = YES;
				INFOPLIST_KEY_UILaunchScreen_Generation = YES;
				INFOPLIST_KEY_UISupportedInterfaceOrientations_iPad = "UIInterfaceOrientationPortrait UIInterfaceOrientationPortraitUpsideDown UIInterfaceOrientationLandscapeLeft UIInterfaceOrientationLandscapeRight";
				INFOPLIST_KEY_UISupportedInterfaceOrientations_iPhone = "UIInterfaceOrientationPortrait UIInterfaceOrientationLandscapeLeft UIInterfaceOrientationLandscapeRight";
				LD_RUNPATH_SEARCH_PATHS = (
					"$(inherited)",
					"@executable_path/Frameworks",
				);
				MARKETING_VERSION = 1.0;
				PRODUCT_BUNDLE_IDENTIFIER = "com.sayedzul.Demo-NavigationStack";
				PRODUCT_NAME = "$(TARGET_NAME)";
				SWIFT_EMIT_LOC_STRINGS = YES;
				SWIFT_VERSION = 5.0;
				TARGETED_DEVICE_FAMILY = "1,2";
			};
			name = Release;
		};
/* End XCBuildConfiguration section */

/* Begin XCConfigurationList section */
		ECCC875D2A97085100C3531D /* Build configuration list for PBXProject "Demo-NavigationStack" */ = {
			isa = XCConfigurationList;
			buildConfigurations = (
				ECCC876E2A97085100C3531D /* Debug */,
				ECCC876F2A97085100C3531D /* Release */,
			);
			defaultConfigurationIsVisible = 0;
			defaultConfigurationName = Release;
		};
		ECCC87702A97085100C3531D /* Build configuration list for PBXNativeTarget "Demo-NavigationStack" */ = {
			isa = XCConfigurationList;
			buildConfigurations = (
				ECCC87712A97085100C3531D /* Debug */,
				ECCC87722A97085100C3531D /* Release */,
			);
			defaultConfigurationIsVisible = 0;
			defaultConfigurationName = Release;
		};
/* End XCConfigurationList section */
	};
	rootObject = ECCC875A2A97085100C3531D /* Project object */;
}
